// !$*UTF8*$!
{
	archiveVersion = 1;
	classes = {
	};
	objectVersion = 50;
	objects = {

/* Begin PBXBuildFile section */
		66146DB8218592F200E78CC2 /* AppDelegate.swift in Sources */ = {isa = PBXBuildFile; fileRef = 66146DB7218592F200E78CC2 /* AppDelegate.swift */; };
		66146DBA218592F200E78CC2 /* HomeViewController.swift in Sources */ = {isa = PBXBuildFile; fileRef = 66146DB9218592F200E78CC2 /* HomeViewController.swift */; };
		66146DBD218592F200E78CC2 /* Main.storyboard in Resources */ = {isa = PBXBuildFile; fileRef = 66146DBB218592F200E78CC2 /* Main.storyboard */; };
		66146DBF218592F400E78CC2 /* Assets.xcassets in Resources */ = {isa = PBXBuildFile; fileRef = 66146DBE218592F400E78CC2 /* Assets.xcassets */; };
		66146DC2218592F400E78CC2 /* LaunchScreen.storyboard in Resources */ = {isa = PBXBuildFile; fileRef = 66146DC0218592F400E78CC2 /* LaunchScreen.storyboard */; };
		66146DCE2185960B00E78CC2 /* HomeView.swift in Sources */ = {isa = PBXBuildFile; fileRef = 66146DCD2185960B00E78CC2 /* HomeView.swift */; };
		66146DD02185962100E78CC2 /* StatView.swift in Sources */ = {isa = PBXBuildFile; fileRef = 66146DCF2185962100E78CC2 /* StatView.swift */; };
		66146DD22185964C00E78CC2 /* DataView.swift in Sources */ = {isa = PBXBuildFile; fileRef = 66146DD12185964C00E78CC2 /* DataView.swift */; };
		66146DD42185969100E78CC2 /* StatViewController.swift in Sources */ = {isa = PBXBuildFile; fileRef = 66146DD32185969100E78CC2 /* StatViewController.swift */; };
		66146DD62185969F00E78CC2 /* DataViewController.swift in Sources */ = {isa = PBXBuildFile; fileRef = 66146DD52185969F00E78CC2 /* DataViewController.swift */; };
/* End PBXBuildFile section */

/* Begin PBXFileReference section */
		66146DB4218592F200E78CC2 /* Magic Hours.app */ = {isa = PBXFileReference; explicitFileType = wrapper.application; includeInIndex = 0; path = "Magic Hours.app"; sourceTree = BUILT_PRODUCTS_DIR; };
		66146DB7218592F200E78CC2 /* AppDelegate.swift */ = {isa = PBXFileReference; lastKnownFileType = sourcecode.swift; path = AppDelegate.swift; sourceTree = "<group>"; };
		66146DB9218592F200E78CC2 /* HomeViewController.swift */ = {isa = PBXFileReference; lastKnownFileType = sourcecode.swift; path = HomeViewController.swift; sourceTree = "<group>"; };
		66146DBC218592F200E78CC2 /* Base */ = {isa = PBXFileReference; lastKnownFileType = file.storyboard; name = Base; path = Base.lproj/Main.storyboard; sourceTree = "<group>"; };
		66146DBE218592F400E78CC2 /* Assets.xcassets */ = {isa = PBXFileReference; lastKnownFileType = folder.assetcatalog; path = Assets.xcassets; sourceTree = "<group>"; };
		66146DC1218592F400E78CC2 /* Base */ = {isa = PBXFileReference; lastKnownFileType = file.storyboard; name = Base; path = Base.lproj/LaunchScreen.storyboard; sourceTree = "<group>"; };
		66146DC3218592F400E78CC2 /* Info.plist */ = {isa = PBXFileReference; lastKnownFileType = text.plist.xml; path = Info.plist; sourceTree = "<group>"; };
		66146DCD2185960B00E78CC2 /* HomeView.swift */ = {isa = PBXFileReference; lastKnownFileType = sourcecode.swift; path = HomeView.swift; sourceTree = "<group>"; };
		66146DCF2185962100E78CC2 /* StatView.swift */ = {isa = PBXFileReference; lastKnownFileType = sourcecode.swift; path = StatView.swift; sourceTree = "<group>"; };
		66146DD12185964C00E78CC2 /* DataView.swift */ = {isa = PBXFileReference; lastKnownFileType = sourcecode.swift; path = DataView.swift; sourceTree = "<group>"; };
		66146DD32185969100E78CC2 /* StatViewController.swift */ = {isa = PBXFileReference; lastKnownFileType = sourcecode.swift; path = StatViewController.swift; sourceTree = "<group>"; };
		66146DD52185969F00E78CC2 /* DataViewController.swift */ = {isa = PBXFileReference; lastKnownFileType = sourcecode.swift; path = DataViewController.swift; sourceTree = "<group>"; };
/* End PBXFileReference section */

/* Begin PBXFrameworksBuildPhase section */
		66146DB1218592F200E78CC2 /* Frameworks */ = {
			isa = PBXFrameworksBuildPhase;
			buildActionMask = 2147483647;
			files = (
			);
			runOnlyForDeploymentPostprocessing = 0;
		};
/* End PBXFrameworksBuildPhase section */

/* Begin PBXGroup section */
		66146DAB218592F200E78CC2 = {
			isa = PBXGroup;
			children = (
				66146DB6218592F200E78CC2 /* Magic Hours */,
				66146DB5218592F200E78CC2 /* Products */,
			);
			sourceTree = "<group>";
		};
		66146DB5218592F200E78CC2 /* Products */ = {
			isa = PBXGroup;
			children = (
				66146DB4218592F200E78CC2 /* Magic Hours.app */,
			);
			name = Products;
			sourceTree = "<group>";
		};
		66146DB6218592F200E78CC2 /* Magic Hours */ = {
			isa = PBXGroup;
			children = (
				66146DC92185936300E78CC2 /* Model */,
				66146DCA2185936D00E78CC2 /* View */,
				66146DCB2185937200E78CC2 /* Controller */,
				66146DCC2185939B00E78CC2 /* Support Files */,
			);
			path = "Magic Hours";
			sourceTree = "<group>";
		};
		66146DC92185936300E78CC2 /* Model */ = {
			isa = PBXGroup;
			children = (
			);
			path = Model;
			sourceTree = "<group>";
		};
		66146DCA2185936D00E78CC2 /* View */ = {
			isa = PBXGroup;
			children = (
				66146DBB218592F200E78CC2 /* Main.storyboard */,
				66146DCD2185960B00E78CC2 /* HomeView.swift */,
				66146DCF2185962100E78CC2 /* StatView.swift */,
				66146DD12185964C00E78CC2 /* DataView.swift */,
			);
			path = View;
			sourceTree = "<group>";
		};
		66146DCB2185937200E78CC2 /* Controller */ = {
			isa = PBXGroup;
			children = (
				66146DB9218592F200E78CC2 /* HomeViewController.swift */,
				66146DD32185969100E78CC2 /* StatViewController.swift */,
				66146DD52185969F00E78CC2 /* DataViewController.swift */,
			);
			path = Controller;
			sourceTree = "<group>";
		};
		66146DCC2185939B00E78CC2 /* Support Files */ = {
			isa = PBXGroup;
			children = (
				66146DB7218592F200E78CC2 /* AppDelegate.swift */,
				66146DBE218592F400E78CC2 /* Assets.xcassets */,
				66146DC0218592F400E78CC2 /* LaunchScreen.storyboard */,
				66146DC3218592F400E78CC2 /* Info.plist */,
			);
			path = "Support Files";
			sourceTree = "<group>";
		};
/* End PBXGroup section */

/* Begin PBXNativeTarget section */
		66146DB3218592F200E78CC2 /* Magic Hours */ = {
			isa = PBXNativeTarget;
			buildConfigurationList = 66146DC6218592F400E78CC2 /* Build configuration list for PBXNativeTarget "Magic Hours" */;
			buildPhases = (
				66146DB0218592F200E78CC2 /* Sources */,
				66146DB1218592F200E78CC2 /* Frameworks */,
				66146DB2218592F200E78CC2 /* Resources */,
			);
			buildRules = (
			);
			dependencies = (
			);
			name = "Magic Hours";
			productName = "Magic Hours";
			productReference = 66146DB4218592F200E78CC2 /* Magic Hours.app */;
			productType = "com.apple.product-type.application";
		};
/* End PBXNativeTarget section */

/* Begin PBXProject section */
		66146DAC218592F200E78CC2 /* Project object */ = {
			isa = PBXProject;
			attributes = {
				LastSwiftUpdateCheck = 1000;
				LastUpgradeCheck = 1000;
				ORGANIZATIONNAME = Quentin;
				TargetAttributes = {
					66146DB3218592F200E78CC2 = {
						CreatedOnToolsVersion = 10.0;
					};
				};
			};
			buildConfigurationList = 66146DAF218592F200E78CC2 /* Build configuration list for PBXProject "Magic Hours" */;
			compatibilityVersion = "Xcode 9.3";
			developmentRegion = en;
			hasScannedForEncodings = 0;
			knownRegions = (
				en,
				Base,
			);
			mainGroup = 66146DAB218592F200E78CC2;
			productRefGroup = 66146DB5218592F200E78CC2 /* Products */;
			projectDirPath = "";
			projectRoot = "";
			targets = (
				66146DB3218592F200E78CC2 /* Magic Hours */,
			);
		};
/* End PBXProject section */

/* Begin PBXResourcesBuildPhase section */
		66146DB2218592F200E78CC2 /* Resources */ = {
			isa = PBXResourcesBuildPhase;
			buildActionMask = 2147483647;
			files = (
				66146DC2218592F400E78CC2 /* LaunchScreen.storyboard in Resources */,
				66146DBF218592F400E78CC2 /* Assets.xcassets in Resources */,
				66146DBD218592F200E78CC2 /* Main.storyboard in Resources */,
			);
			runOnlyForDeploymentPostprocessing = 0;
		};
/* End PBXResourcesBuildPhase section */

/* Begin PBXSourcesBuildPhase section */
		66146DB0218592F200E78CC2 /* Sources */ = {
			isa = PBXSourcesBuildPhase;
			buildActionMask = 2147483647;
			files = (
				66146DD02185962100E78CC2 /* StatView.swift in Sources */,
				66146DD62185969F00E78CC2 /* DataViewController.swift in Sources */,
				66146DCE2185960B00E78CC2 /* HomeView.swift in Sources */,
				66146DD22185964C00E78CC2 /* DataView.swift in Sources */,
				66146DBA218592F200E78CC2 /* HomeViewController.swift in Sources */,
				66146DD42185969100E78CC2 /* StatViewController.swift in Sources */,
				66146DB8218592F200E78CC2 /* AppDelegate.swift in Sources */,
			);
			runOnlyForDeploymentPostprocessing = 0;
		};
/* End PBXSourcesBuildPhase section */

/* Begin PBXVariantGroup section */
		66146DBB218592F200E78CC2 /* Main.storyboard */ = {
			isa = PBXVariantGroup;
			children = (
				66146DBC218592F200E78CC2 /* Base */,
			);
			name = Main.storyboard;
			sourceTree = "<group>";
		};
		66146DC0218592F400E78CC2 /* LaunchScreen.storyboard */ = {
			isa = PBXVariantGroup;
			children = (
				66146DC1218592F400E78CC2 /* Base */,
			);
			name = LaunchScreen.storyboard;
			sourceTree = "<group>";
		};
/* End PBXVariantGroup section */

/* Begin XCBuildConfiguration section */
		66146DC4218592F400E78CC2 /* Debug */ = {
			isa = XCBuildConfiguration;
			buildSettings = {
				ALWAYS_SEARCH_USER_PATHS = NO;
				CLANG_ANALYZER_NONNULL = YES;
				CLANG_ANALYZER_NUMBER_OBJECT_CONVERSION = YES_AGGRESSIVE;
				CLANG_CXX_LANGUAGE_STANDARD = "gnu++14";
				CLANG_CXX_LIBRARY = "libc++";
				CLANG_ENABLE_MODULES = YES;
				CLANG_ENABLE_OBJC_ARC = YES;
				CLANG_ENABLE_OBJC_WEAK = YES;
				CLANG_WARN_BLOCK_CAPTURE_AUTORELEASING = YES;
				CLANG_WARN_BOOL_CONVERSION = YES;
				CLANG_WARN_COMMA = YES;
				CLANG_WARN_CONSTANT_CONVERSION = YES;
				CLANG_WARN_DEPRECATED_OBJC_IMPLEMENTATIONS = YES;
				CLANG_WARN_DIRECT_OBJC_ISA_USAGE = YES_ERROR;
				CLANG_WARN_DOCUMENTATION_COMMENTS = YES;
				CLANG_WARN_EMPTY_BODY = YES;
				CLANG_WARN_ENUM_CONVERSION = YES;
				CLANG_WARN_INFINITE_RECURSION = YES;
				CLANG_WARN_INT_CONVERSION = YES;
				CLANG_WARN_NON_LITERAL_NULL_CONVERSION = YES;
				CLANG_WARN_OBJC_IMPLICIT_RETAIN_SELF = YES;
				CLANG_WARN_OBJC_LITERAL_CONVERSION = YES;
				CLANG_WARN_OBJC_ROOT_CLASS = YES_ERROR;
				CLANG_WARN_RANGE_LOOP_ANALYSIS = YES;
				CLANG_WARN_STRICT_PROTOTYPES = YES;
				CLANG_WARN_SUSPICIOUS_MOVE = YES;
				CLANG_WARN_UNGUARDED_AVAILABILITY = YES_AGGRESSIVE;
				CLANG_WARN_UNREACHABLE_CODE = YES;
				CLANG_WARN__DUPLICATE_METHOD_MATCH = YES;
				CODE_SIGN_IDENTITY = "iPhone Developer";
				COPY_PHASE_STRIP = NO;
				DEBUG_INFORMATION_FORMAT = dwarf;
				ENABLE_STRICT_OBJC_MSGSEND = YES;
				ENABLE_TESTABILITY = YES;
				GCC_C_LANGUAGE_STANDARD = gnu11;
				GCC_DYNAMIC_NO_PIC = NO;
				GCC_NO_COMMON_BLOCKS = YES;
				GCC_OPTIMIZATION_LEVEL = 0;
				GCC_PREPROCESSOR_DEFINITIONS = (
					"DEBUG=1",
					"$(inherited)",
				);
				GCC_WARN_64_TO_32_BIT_CONVERSION = YES;
				GCC_WARN_ABOUT_RETURN_TYPE = YES_ERROR;
				GCC_WARN_UNDECLARED_SELECTOR = YES;
				GCC_WARN_UNINITIALIZED_AUTOS = YES_AGGRESSIVE;
				GCC_WARN_UNUSED_FUNCTION = YES;
				GCC_WARN_UNUSED_VARIABLE = YES;
				IPHONEOS_DEPLOYMENT_TARGET = 12.0;
				MTL_ENABLE_DEBUG_INFO = INCLUDE_SOURCE;
				MTL_FAST_MATH = YES;
				ONLY_ACTIVE_ARCH = YES;
				SDKROOT = iphoneos;
				SWIFT_ACTIVE_COMPILATION_CONDITIONS = DEBUG;
				SWIFT_OPTIMIZATION_LEVEL = "-Onone";
			};
			name = Debug;
		};
		66146DC5218592F400E78CC2 /* Release */ = {
			isa = XCBuildConfiguration;
			buildSettings = {
				ALWAYS_SEARCH_USER_PATHS = NO;
				CLANG_ANALYZER_NONNULL = YES;
				CLANG_ANALYZER_NUMBER_OBJECT_CONVERSION = YES_AGGRESSIVE;
				CLANG_CXX_LANGUAGE_STANDARD = "gnu++14";
				CLANG_CXX_LIBRARY = "libc++";
				CLANG_ENABLE_MODULES = YES;
				CLANG_ENABLE_OBJC_ARC = YES;
				CLANG_ENABLE_OBJC_WEAK = YES;
				CLANG_WARN_BLOCK_CAPTURE_AUTORELEASING = YES;
				CLANG_WARN_BOOL_CONVERSION = YES;
				CLANG_WARN_COMMA = YES;
				CLANG_WARN_CONSTANT_CONVERSION = YES;
				CLANG_WARN_DEPRECATED_OBJC_IMPLEMENTATIONS = YES;
				CLANG_WARN_DIRECT_OBJC_ISA_USAGE = YES_ERROR;
				CLANG_WARN_DOCUMENTATION_COMMENTS = YES;
				CLANG_WARN_EMPTY_BODY = YES;
				CLANG_WARN_ENUM_CONVERSION = YES;
				CLANG_WARN_INFINITE_RECURSION = YES;
				CLANG_WARN_INT_CONVERSION = YES;
				CLANG_WARN_NON_LITERAL_NULL_CONVERSION = YES;
				CLANG_WARN_OBJC_IMPLICIT_RETAIN_SELF = YES;
				CLANG_WARN_OBJC_LITERAL_CONVERSION = YES;
				CLANG_WARN_OBJC_ROOT_CLASS = YES_ERROR;
				CLANG_WARN_RANGE_LOOP_ANALYSIS = YES;
				CLANG_WARN_STRICT_PROTOTYPES = YES;
				CLANG_WARN_SUSPICIOUS_MOVE = YES;
				CLANG_WARN_UNGUARDED_AVAILABILITY = YES_AGGRESSIVE;
				CLANG_WARN_UNREACHABLE_CODE = YES;
				CLANG_WARN__DUPLICATE_METHOD_MATCH = YES;
				CODE_SIGN_IDENTITY = "iPhone Developer";
				COPY_PHASE_STRIP = NO;
				DEBUG_INFORMATION_FORMAT = "dwarf-with-dsym";
				ENABLE_NS_ASSERTIONS = NO;
				ENABLE_STRICT_OBJC_MSGSEND = YES;
				GCC_C_LANGUAGE_STANDARD = gnu11;
				GCC_NO_COMMON_BLOCKS = YES;
				GCC_WARN_64_TO_32_BIT_CONVERSION = YES;
				GCC_WARN_ABOUT_RETURN_TYPE = YES_ERROR;
				GCC_WARN_UNDECLARED_SELECTOR = YES;
				GCC_WARN_UNINITIALIZED_AUTOS = YES_AGGRESSIVE;
				GCC_WARN_UNUSED_FUNCTION = YES;
				GCC_WARN_UNUSED_VARIABLE = YES;
				IPHONEOS_DEPLOYMENT_TARGET = 12.0;
				MTL_ENABLE_DEBUG_INFO = NO;
				MTL_FAST_MATH = YES;
				SDKROOT = iphoneos;
				SWIFT_COMPILATION_MODE = wholemodule;
				SWIFT_OPTIMIZATION_LEVEL = "-O";
				VALIDATE_PRODUCT = YES;
			};
			name = Release;
		};
		66146DC7218592F400E78CC2 /* Debug */ = {
			isa = XCBuildConfiguration;
			buildSettings = {
				ASSETCATALOG_COMPILER_APPICON_NAME = AppIcon;
				CODE_SIGN_STYLE = Automatic;
				DEVELOPMENT_TEAM = F3QT4Z4R2K;
				INFOPLIST_FILE = "$(SRCROOT)/Magic Hours/Support Files/Info.plist";
				LD_RUNPATH_SEARCH_PATHS = (
					"$(inherited)",
					"@executable_path/Frameworks",
				);
				PRODUCT_BUNDLE_IDENTIFIER = "com.quentin.Magic-Hours";
				PRODUCT_NAME = "$(TARGET_NAME)";
				SWIFT_VERSION = 4.2;
				TARGETED_DEVICE_FAMILY = "1,2";
			};
			name = Debug;
		};
		66146DC8218592F400E78CC2 /* Release */ = {
			isa = XCBuildConfiguration;
			buildSettings = {
				ASSETCATALOG_COMPILER_APPICON_NAME = AppIcon;
				CODE_SIGN_STYLE = Automatic;
				DEVELOPMENT_TEAM = F3QT4Z4R2K;
				INFOPLIST_FILE = "$(SRCROOT)/Magic Hours/Support Files/Info.plist";
				LD_RUNPATH_SEARCH_PATHS = (
					"$(inherited)",
					"@executable_path/Frameworks",
				);
				PRODUCT_BUNDLE_IDENTIFIER = "com.quentin.Magic-Hours";
				PRODUCT_NAME = "$(TARGET_NAME)";
				SWIFT_VERSION = 4.2;
				TARGETED_DEVICE_FAMILY = "1,2";
			};
			name = Release;
		};
/* End XCBuildConfiguration section */

/* Begin XCConfigurationList section */
		66146DAF218592F200E78CC2 /* Build configuration list for PBXProject "Magic Hours" */ = {
			isa = XCConfigurationList;
			buildConfigurations = (
				66146DC4218592F400E78CC2 /* Debug */,
				66146DC5218592F400E78CC2 /* Release */,
			);
			defaultConfigurationIsVisible = 0;
			defaultConfigurationName = Release;
		};
		66146DC6218592F400E78CC2 /* Build configuration list for PBXNativeTarget "Magic Hours" */ = {
			isa = XCConfigurationList;
			buildConfigurations = (
				66146DC7218592F400E78CC2 /* Debug */,
				66146DC8218592F400E78CC2 /* Release */,
			);
			defaultConfigurationIsVisible = 0;
			defaultConfigurationName = Release;
		};
/* End XCConfigurationList section */
	};
	rootObject = 66146DAC218592F200E78CC2 /* Project object */;
}
